{
  "name": "aws-image-upload",
  "version": "1.0.0",
  "lockfileVersion": 2,
  "requires": true,
  "packages": {
    "": {
      "name": "aws-image-upload",
      "version": "1.0.0",
      "license": "ISC",
      "dependencies": {
        "lambda-multipart-parser": "^1.0.1"
      },
      "devDependencies": {
        "serverless-plugin-existing-s3": "^2.4.0"
      }
    },
    "node_modules/busboy": {
      "version": "0.3.1",
      "resolved": "https://registry.npmjs.org/busboy/-/busboy-0.3.1.tgz",
      "integrity": "sha512-y7tTxhGKXcyBxRKAni+awqx8uqaJKrSFSNFSeRG5CsWNdmy2BIK+6VGWEW7TZnIO/533mtMEA4rOevQV815YJw==",
      "dependencies": {
        "dicer": "0.3.0"
      },
      "engines": {
        "node": ">=4.5.0"
      }
    },
    "node_modules/dicer": {
      "version": "0.3.0",
      "resolved": "https://registry.npmjs.org/dicer/-/dicer-0.3.0.tgz",
      "integrity": "sha512-MdceRRWqltEG2dZqO769g27N/3PXfcKl04VhYnBlo2YhH7zPi88VebsjTKclaOyiuMaGU72hTfw3VkUitGcVCA==",
      "dependencies": {
        "streamsearch": "0.1.2"
      },
      "engines": {
        "node": ">=4.5.0"
      }
    },
    "node_modules/lambda-multipart-parser": {
      "version": "1.0.1",
      "resolved": "https://registry.npmjs.org/lambda-multipart-parser/-/lambda-multipart-parser-1.0.1.tgz",
      "integrity": "sha512-5FKqZAoJuAXJXIAQvr/60vpB/Cf0+tds/V6896ZwpoAldHL7+INviVhbGzQIjmmtgw9oaig13q6kHwlnFT/NqA==",
      "dependencies": {
        "busboy": "^0.3.0"
      }
    },
    "node_modules/serverless-plugin-existing-s3": {
      "version": "2.4.0",
      "resolved": "https://registry.npmjs.org/serverless-plugin-existing-s3/-/serverless-plugin-existing-s3-2.4.0.tgz",
      "integrity": "sha512-BsOSOM5X4hFmX2U7WlUWvMooTega4fKGc547OiWTUwHtB/H1nBs5bQJxM4jHJLIODEoVLw8J8O90rlif/yHwuQ==",
      "dev": true
    },
    "node_modules/streamsearch": {
      "version": "0.1.2",
      "resolved": "https://registry.npmjs.org/streamsearch/-/streamsearch-0.1.2.tgz",
      "integrity": "sha512-jos8u++JKm0ARcSUTAZXOVC0mSox7Bhn6sBgty73P1f3JGf7yG2clTbBNHUdde/kdvP2FESam+vM6l8jBrNxHA==",
      "engines": {
        "node": ">=0.8.0"
      }
    }
  },
  "dependencies": {
    "busboy": {
      "version": "0.3.1",
      "resolved": "https://registry.npmjs.org/busboy/-/busboy-0.3.1.tgz",
      "integrity": "sha512-y7tTxhGKXcyBxRKAni+awqx8uqaJKrSFSNFSeRG5CsWNdmy2BIK+6VGWEW7TZnIO/533mtMEA4rOevQV815YJw==",
      "requires": {
        "dicer": "0.3.0"
      }
    },
    "dicer": {
      "version": "0.3.0",
      "resolved": "https://registry.npmjs.org/dicer/-/dicer-0.3.0.tgz",
      "integrity": "sha512-MdceRRWqltEG2dZqO769g27N/3PXfcKl04VhYnBlo2YhH7zPi88VebsjTKclaOyiuMaGU72hTfw3VkUitGcVCA==",
      "requires": {
        "streamsearch": "0.1.2"
      }
    },
    "lambda-multipart-parser": {
      "version": "1.0.1",
      "resolved": "https://registry.npmjs.org/lambda-multipart-parser/-/lambda-multipart-parser-1.0.1.tgz",
      "integrity": "sha512-5FKqZAoJuAXJXIAQvr/60vpB/Cf0+tds/V6896ZwpoAldHL7+INviVhbGzQIjmmtgw9oaig13q6kHwlnFT/NqA==",
      "requires": {
        "busboy": "^0.3.0"
      }
    },
    "serverless-plugin-existing-s3": {
      "version": "2.4.0",
      "resolved": "https://registry.npmjs.org/serverless-plugin-existing-s3/-/serverless-plugin-existing-s3-2.4.0.tgz",
      "integrity": "sha512-BsOSOM5X4hFmX2U7WlUWvMooTega4fKGc547OiWTUwHtB/H1nBs5bQJxM4jHJLIODEoVLw8J8O90rlif/yHwuQ==",
      "dev": true
    },
    "streamsearch": {
      "version": "0.1.2",
      "resolved": "https://registry.npmjs.org/streamsearch/-/streamsearch-0.1.2.tgz",
      "integrity": "sha512-jos8u++JKm0ARcSUTAZXOVC0mSox7Bhn6sBgty73P1f3JGf7yG2clTbBNHUdde/kdvP2FESam+vM6l8jBrNxHA=="
    }
  }
}
